
Microsoft Visual Studio Solution File, Format Version 12.00
# Visual Studio Version 17
VisualStudioVersion = 17.10.35122.118
MinimumVisualStudioVersion = 10.0.40219.1
Project("{FAE04EC0-301F-11D3-BF4B-00C04F79EFBC}") = "BlurEffect", "BlurEffect\BlurEffect.csproj", "{71E6008B-0364-4560-8D87-4DFE1695DD3A}"
EndProject
Global
	GlobalSection(SolutionConfigurationPlatforms) = preSolution
		Debug|Any CPU = Debug|Any CPU
		Release|Any CPU = Release|Any CPU
	EndGlobalSection
	GlobalSection(ProjectConfigurationPlatforms) = postSolution
		{71E6008B-0364-4560-8D87-4DFE1695DD3A}.Debug|Any CPU.ActiveCfg = Debug|Any CPU
		{71E6008B-0364-4560-8D87-4DFE1695DD3A}.Debug|Any CPU.Build.0 = Debug|Any CPU
		{71E6008B-0364-4560-8D87-4DFE1695DD3A}.Release|Any CPU.ActiveCfg = Release|Any CPU
		{71E6008B-0364-4560-8D87-4DFE1695DD3A}.Release|Any CPU.Build.0 = Release|Any CPU
	EndGlobalSection
	GlobalSection(SolutionProperties) = preSolution
		HideSolutionNode = FALSE
	EndGlobalSection
	GlobalSection(ExtensibilityGlobals) = postSolution
		SolutionGuid = {E56F9275-BDF4-412A-8B38-9156C54D464D}
	EndGlobalSection
EndGlobal
